
Microsoft Visual Studio Solution File, Format Version 12.00
# Visual Studio 15
VisualStudioVersion = 15.0.26621.2
MinimumVisualStudioVersion = 10.0.40219.1
Project("{F5034706-568F-408A-B7B3-4D38C6DB8A32}") = "FizzBuzzPowerShell", "FizzBuzzPowerShell\FizzBuzzPowerShell.pssproj", "{6CAFC0C6-A428-4D30-A9F9-700E829FEA51}"
EndProject
Project("{F5034706-568F-408A-B7B3-4D38C6DB8A32}") = "FizzBuzzPowerShell.Tests", "FizzBuzzPowerShell.Tests\FizzBuzzPowerShell.Tests.pssproj", "{88953140-8139-44A3-9F9C-E7C3D89B3F3D}"
EndProject
Project("{2150E333-8FDC-42A3-9474-1A3956D46DE8}") = "Build", "Build", "{64661A33-84D6-4E5E-A139-FA2CC83B989E}"
	ProjectSection(SolutionItems) = preProject
		Pester-Install-Run.ps1 = Pester-Install-Run.ps1
	EndProjectSection
EndProject
Project("{2150E333-8FDC-42A3-9474-1A3956D46DE8}") = "ManualTest", "ManualTest", "{4FC5A21C-BFA2-44FE-B175-8CEBA000AB88}"
	ProjectSection(SolutionItems) = preProject
		RunFizzBuzzFrom1To100.ps1 = RunFizzBuzzFrom1To100.ps1
	EndProjectSection
EndProject
Global
	GlobalSection(SolutionConfigurationPlatforms) = preSolution
		Debug|Any CPU = Debug|Any CPU
		Release|Any CPU = Release|Any CPU
	EndGlobalSection
	GlobalSection(ProjectConfigurationPlatforms) = postSolution
		{6CAFC0C6-A428-4D30-A9F9-700E829FEA51}.Debug|Any CPU.ActiveCfg = Debug|Any CPU
		{6CAFC0C6-A428-4D30-A9F9-700E829FEA51}.Debug|Any CPU.Build.0 = Debug|Any CPU
		{6CAFC0C6-A428-4D30-A9F9-700E829FEA51}.Release|Any CPU.ActiveCfg = Release|Any CPU
		{6CAFC0C6-A428-4D30-A9F9-700E829FEA51}.Release|Any CPU.Build.0 = Release|Any CPU
		{88953140-8139-44A3-9F9C-E7C3D89B3F3D}.Debug|Any CPU.ActiveCfg = Debug|Any CPU
		{88953140-8139-44A3-9F9C-E7C3D89B3F3D}.Debug|Any CPU.Build.0 = Debug|Any CPU
		{88953140-8139-44A3-9F9C-E7C3D89B3F3D}.Release|Any CPU.ActiveCfg = Release|Any CPU
		{88953140-8139-44A3-9F9C-E7C3D89B3F3D}.Release|Any CPU.Build.0 = Release|Any CPU
	EndGlobalSection
	GlobalSection(SolutionProperties) = preSolution
		HideSolutionNode = FALSE
	EndGlobalSection
	GlobalSection(ExtensibilityGlobals) = postSolution
		SolutionGuid = {0C347E2D-83B0-4BB9-9B19-C41E34111C64}
	EndGlobalSection
EndGlobal
